
Microsoft Visual Studio Solution File, Format Version 12.00
# Visual Studio 2013
VisualStudioVersion = 12.0.31101.0
MinimumVisualStudioVersion = 10.0.40219.1
Project("{FAE04EC0-301F-11D3-BF4B-00C04F79EFBC}") = "Tx.AppInsights.Session", "Tx.AppInsights.Session\Tx.AppInsights.Session.csproj", "{9F7F4683-1AF0-40A5-8966-8BD5FCB3BB64}"
EndProject
Project("{FAE04EC0-301F-11D3-BF4B-00C04F79EFBC}") = "Tx.ApplicationInsights.Session.ConsoleApp", "Tx.ApplicationInsights.Session.ConsoleApp\Tx.ApplicationInsights.Session.ConsoleApp.csproj", "{D6CE1321-B608-4886-AD32-D5EA0009AA6B}"
EndProject
Project("{2150E333-8FDC-42A3-9474-1A3956D46DE8}") = "Samples", "Samples", "{6112AAAB-1487-4B9E-8DD4-FD0907735A70}"
	ProjectSection(SolutionItems) = preProject
		Samples\AppInsightshttplistener.linq = Samples\AppInsightshttplistener.linq
	EndProjectSection
EndProject
Global
	GlobalSection(SolutionConfigurationPlatforms) = preSolution
		Debug|Any CPU = Debug|Any CPU
		Release|Any CPU = Release|Any CPU
	EndGlobalSection
	GlobalSection(ProjectConfigurationPlatforms) = postSolution
		{9F7F4683-1AF0-40A5-8966-8BD5FCB3BB64}.Debug|Any CPU.ActiveCfg = Debug|Any CPU
		{9F7F4683-1AF0-40A5-8966-8BD5FCB3BB64}.Debug|Any CPU.Build.0 = Debug|Any CPU
		{9F7F4683-1AF0-40A5-8966-8BD5FCB3BB64}.Release|Any CPU.ActiveCfg = Release|Any CPU
		{9F7F4683-1AF0-40A5-8966-8BD5FCB3BB64}.Release|Any CPU.Build.0 = Release|Any CPU
		{D6CE1321-B608-4886-AD32-D5EA0009AA6B}.Debug|Any CPU.ActiveCfg = Debug|Any CPU
		{D6CE1321-B608-4886-AD32-D5EA0009AA6B}.Debug|Any CPU.Build.0 = Debug|Any CPU
		{D6CE1321-B608-4886-AD32-D5EA0009AA6B}.Release|Any CPU.ActiveCfg = Release|Any CPU
		{D6CE1321-B608-4886-AD32-D5EA0009AA6B}.Release|Any CPU.Build.0 = Release|Any CPU
	EndGlobalSection
	GlobalSection(SolutionProperties) = preSolution
		HideSolutionNode = FALSE
	EndGlobalSection
EndGlobal
